
Microsoft Visual Studio Solution File, Format Version 12.00
# Visual Studio 15
VisualStudioVersion = 15.0.28307.572
MinimumVisualStudioVersion = 10.0.40219.1
Project("{888888A0-9F3D-457C-B088-3A5042F75D52}") = "DjangoWebProject3", "DjangoWebProject3\DjangoWebProject3.pyproj", "{AF17D98E-BB05-42C2-AC21-81C8E101DECC}"
EndProject
Global
	GlobalSection(SolutionConfigurationPlatforms) = preSolution
		Debug|Any CPU = Debug|Any CPU
		Release|Any CPU = Release|Any CPU
	EndGlobalSection
	GlobalSection(ProjectConfigurationPlatforms) = postSolution
		{AF17D98E-BB05-42C2-AC21-81C8E101DECC}.Debug|Any CPU.ActiveCfg = Debug|Any CPU
		{AF17D98E-BB05-42C2-AC21-81C8E101DECC}.Debug|Any CPU.Build.0 = Debug|Any CPU
		{AF17D98E-BB05-42C2-AC21-81C8E101DECC}.Release|Any CPU.ActiveCfg = Release|Any CPU
		{AF17D98E-BB05-42C2-AC21-81C8E101DECC}.Release|Any CPU.Build.0 = Release|Any CPU
	EndGlobalSection
	GlobalSection(SolutionProperties) = preSolution
		HideSolutionNode = FALSE
	EndGlobalSection
	GlobalSection(ExtensibilityGlobals) = postSolution
		SolutionGuid = {FD1360C7-2B15-4EFF-A44F-5EF92FE50577}
	EndGlobalSection
EndGlobal
